{
  "extends": "astro/tsconfigs/strict",
  "compilerOptions": {
    "baseUrl": ".",
    "paths": {
      "@/*": ["./src/*"]
    },
    "jsx": "react-jsx",
    "jsxImportSource": "react",
    "outDir": "./public/js",
    "rootDir": "./src/scripts",
    "module": "esnext",
    "target": "es2020",
    "allowJs": true,
    "checkJs": true,
    "declaration": false,
    "esModuleInterop": true,
    "forceConsistentCasingInFileNames": true,
    "isolatedModules": true,
    "strict": true,
    "noEmit": false,
    "skipLibCheck": true,
    "lib": ["es2020", "dom", "dom.iterable"]
  },
  "include": [
    "src/scripts/**/*.ts",
    ".astro/types.d.ts"
  ],
  "exclude": [
    "dist",
    "node_modules"
  ]
}